
Microsoft Visual Studio Solution File, Format Version 12.00
Project("{FAE04EC0-301F-11D3-BF4B-00C04F79EFBC}") = "LibraryManagement.RyanW84", "LibraryManagement.RyanW84\LibraryManagement.RyanW84.csproj", "{8B7C2918-4787-4F53-A5D9-5C2DB9396741}"
EndProject
Global
	GlobalSection(SolutionConfigurationPlatforms) = preSolution
		Debug|Any CPU = Debug|Any CPU
		Release|Any CPU = Release|Any CPU
	EndGlobalSection
	GlobalSection(ProjectConfigurationPlatforms) = postSolution
		{8B7C2918-4787-4F53-A5D9-5C2DB9396741}.Debug|Any CPU.ActiveCfg = Debug|Any CPU
		{8B7C2918-4787-4F53-A5D9-5C2DB9396741}.Debug|Any CPU.Build.0 = Debug|Any CPU
		{8B7C2918-4787-4F53-A5D9-5C2DB9396741}.Release|Any CPU.ActiveCfg = Release|Any CPU
		{8B7C2918-4787-4F53-A5D9-5C2DB9396741}.Release|Any CPU.Build.0 = Release|Any CPU
	EndGlobalSection
EndGlobal
